
Microsoft Visual Studio Solution File, Format Version 12.00
# Visual Studio Version 17
VisualStudioVersion = 17.10.35013.160
MinimumVisualStudioVersion = 10.0.40219.1
Project("{FAE04EC0-301F-11D3-BF4B-00C04F79EFBC}") = "Practice6", "Practice6\Practice6.csproj", "{7B433DD0-5F34-417C-AD4C-50EB68ACD05A}"
EndProject
Global
	GlobalSection(SolutionConfigurationPlatforms) = preSolution
		Debug|Any CPU = Debug|Any CPU
		Release|Any CPU = Release|Any CPU
	EndGlobalSection
	GlobalSection(ProjectConfigurationPlatforms) = postSolution
		{7B433DD0-5F34-417C-AD4C-50EB68ACD05A}.Debug|Any CPU.ActiveCfg = Debug|Any CPU
		{7B433DD0-5F34-417C-AD4C-50EB68ACD05A}.Debug|Any CPU.Build.0 = Debug|Any CPU
		{7B433DD0-5F34-417C-AD4C-50EB68ACD05A}.Release|Any CPU.ActiveCfg = Release|Any CPU
		{7B433DD0-5F34-417C-AD4C-50EB68ACD05A}.Release|Any CPU.Build.0 = Release|Any CPU
	EndGlobalSection
	GlobalSection(SolutionProperties) = preSolution
		HideSolutionNode = FALSE
	EndGlobalSection
	GlobalSection(ExtensibilityGlobals) = postSolution
		SolutionGuid = {F40441A6-C6F2-4B2D-B7C8-4BA63868A35D}
	EndGlobalSection
EndGlobal
