
Microsoft Visual Studio Solution File, Format Version 12.00
# Visual Studio Version 17
VisualStudioVersion = 17.10.35013.160
MinimumVisualStudioVersion = 10.0.40219.1
Project("{FAE04EC0-301F-11D3-BF4B-00C04F79EFBC}") = "Homework3", "Homework3\Homework3.csproj", "{11ED126F-B530-489D-9187-5E617022CB47}"
EndProject
Global
	GlobalSection(SolutionConfigurationPlatforms) = preSolution
		Debug|Any CPU = Debug|Any CPU
		Release|Any CPU = Release|Any CPU
	EndGlobalSection
	GlobalSection(ProjectConfigurationPlatforms) = postSolution
		{11ED126F-B530-489D-9187-5E617022CB47}.Debug|Any CPU.ActiveCfg = Debug|Any CPU
		{11ED126F-B530-489D-9187-5E617022CB47}.Debug|Any CPU.Build.0 = Debug|Any CPU
		{11ED126F-B530-489D-9187-5E617022CB47}.Release|Any CPU.ActiveCfg = Release|Any CPU
		{11ED126F-B530-489D-9187-5E617022CB47}.Release|Any CPU.Build.0 = Release|Any CPU
	EndGlobalSection
	GlobalSection(SolutionProperties) = preSolution
		HideSolutionNode = FALSE
	EndGlobalSection
	GlobalSection(ExtensibilityGlobals) = postSolution
		SolutionGuid = {75205A51-7C6C-4DC6-A024-7238A396C570}
	EndGlobalSection
EndGlobal
