
Microsoft Visual Studio Solution File, Format Version 12.00
# Visual Studio Version 17
VisualStudioVersion = 17.10.35013.160
MinimumVisualStudioVersion = 10.0.40219.1
Project("{FAE04EC0-301F-11D3-BF4B-00C04F79EFBC}") = "Practice12", "Practice12\Practice12.csproj", "{2183F28A-1F0D-431F-83F6-757C344986BC}"
EndProject
Global
	GlobalSection(SolutionConfigurationPlatforms) = preSolution
		Debug|Any CPU = Debug|Any CPU
		Release|Any CPU = Release|Any CPU
	EndGlobalSection
	GlobalSection(ProjectConfigurationPlatforms) = postSolution
		{2183F28A-1F0D-431F-83F6-757C344986BC}.Debug|Any CPU.ActiveCfg = Debug|Any CPU
		{2183F28A-1F0D-431F-83F6-757C344986BC}.Debug|Any CPU.Build.0 = Debug|Any CPU
		{2183F28A-1F0D-431F-83F6-757C344986BC}.Release|Any CPU.ActiveCfg = Release|Any CPU
		{2183F28A-1F0D-431F-83F6-757C344986BC}.Release|Any CPU.Build.0 = Release|Any CPU
	EndGlobalSection
	GlobalSection(SolutionProperties) = preSolution
		HideSolutionNode = FALSE
	EndGlobalSection
	GlobalSection(ExtensibilityGlobals) = postSolution
		SolutionGuid = {68A4E7DC-2052-4289-A3B0-DE1A878AB43A}
	EndGlobalSection
EndGlobal
