
Microsoft Visual Studio Solution File, Format Version 12.00
# Visual Studio Version 17
VisualStudioVersion = 17.10.35013.160
MinimumVisualStudioVersion = 10.0.40219.1
Project("{FAE04EC0-301F-11D3-BF4B-00C04F79EFBC}") = "Practice15", "Practice15\Practice15.csproj", "{76AE9E5B-D527-48E1-A582-D629607C69D9}"
EndProject
Global
	GlobalSection(SolutionConfigurationPlatforms) = preSolution
		Debug|Any CPU = Debug|Any CPU
		Release|Any CPU = Release|Any CPU
	EndGlobalSection
	GlobalSection(ProjectConfigurationPlatforms) = postSolution
		{76AE9E5B-D527-48E1-A582-D629607C69D9}.Debug|Any CPU.ActiveCfg = Debug|Any CPU
		{76AE9E5B-D527-48E1-A582-D629607C69D9}.Debug|Any CPU.Build.0 = Debug|Any CPU
		{76AE9E5B-D527-48E1-A582-D629607C69D9}.Release|Any CPU.ActiveCfg = Release|Any CPU
		{76AE9E5B-D527-48E1-A582-D629607C69D9}.Release|Any CPU.Build.0 = Release|Any CPU
	EndGlobalSection
	GlobalSection(SolutionProperties) = preSolution
		HideSolutionNode = FALSE
	EndGlobalSection
	GlobalSection(ExtensibilityGlobals) = postSolution
		SolutionGuid = {2D9E62AF-79E5-4188-8DB9-62859D206806}
	EndGlobalSection
EndGlobal
