
Microsoft Visual Studio Solution File, Format Version 12.00
# Visual Studio Version 17
VisualStudioVersion = 17.10.35013.160
MinimumVisualStudioVersion = 10.0.40219.1
Project("{FAE04EC0-301F-11D3-BF4B-00C04F79EFBC}") = "Practice13", "Practice13\Practice13.csproj", "{1FD1CDD6-A599-48A0-839B-E606808EC121}"
EndProject
Global
	GlobalSection(SolutionConfigurationPlatforms) = preSolution
		Debug|Any CPU = Debug|Any CPU
		Release|Any CPU = Release|Any CPU
	EndGlobalSection
	GlobalSection(ProjectConfigurationPlatforms) = postSolution
		{1FD1CDD6-A599-48A0-839B-E606808EC121}.Debug|Any CPU.ActiveCfg = Debug|Any CPU
		{1FD1CDD6-A599-48A0-839B-E606808EC121}.Debug|Any CPU.Build.0 = Debug|Any CPU
		{1FD1CDD6-A599-48A0-839B-E606808EC121}.Release|Any CPU.ActiveCfg = Release|Any CPU
		{1FD1CDD6-A599-48A0-839B-E606808EC121}.Release|Any CPU.Build.0 = Release|Any CPU
	EndGlobalSection
	GlobalSection(SolutionProperties) = preSolution
		HideSolutionNode = FALSE
	EndGlobalSection
	GlobalSection(ExtensibilityGlobals) = postSolution
		SolutionGuid = {32EDE743-0E7D-47BF-837A-B390214F8609}
	EndGlobalSection
EndGlobal
